
Microsoft Visual Studio Solution File, Format Version 12.00
# Visual Studio Version 16
VisualStudioVersion = 16.0.31515.178
MinimumVisualStudioVersion = 10.0.40219.1
Project("{9A19103F-16F7-4668-BE54-9A1E7A4F7556}") = "A001_MainVariations", "Projects\01_CoreCsharpConstructs\A001_MainVariations\A001_MainVariations.csproj", "{9C5E5BCB-91B9-4C63-A302-9B19BDD20AF6}"
EndProject
Project("{FAE04EC0-301F-11D3-BF4B-00C04F79EFBC}") = "A002_TopLevelStatements", "Projects\01_CoreCsharpConstructs\A002_TopLevelStatements\A002_TopLevelStatements.csproj", "{7B3EE5A0-F1B2-4A80-85AF-EC88B65960C4}"
EndProject
Global
	GlobalSection(SolutionConfigurationPlatforms) = preSolution
		Debug|Any CPU = Debug|Any CPU
		Release|Any CPU = Release|Any CPU
	EndGlobalSection
	GlobalSection(ProjectConfigurationPlatforms) = postSolution
		{9C5E5BCB-91B9-4C63-A302-9B19BDD20AF6}.Debug|Any CPU.ActiveCfg = Debug|Any CPU
		{9C5E5BCB-91B9-4C63-A302-9B19BDD20AF6}.Debug|Any CPU.Build.0 = Debug|Any CPU
		{9C5E5BCB-91B9-4C63-A302-9B19BDD20AF6}.Release|Any CPU.ActiveCfg = Release|Any CPU
		{9C5E5BCB-91B9-4C63-A302-9B19BDD20AF6}.Release|Any CPU.Build.0 = Release|Any CPU
		{7B3EE5A0-F1B2-4A80-85AF-EC88B65960C4}.Debug|Any CPU.ActiveCfg = Debug|Any CPU
		{7B3EE5A0-F1B2-4A80-85AF-EC88B65960C4}.Debug|Any CPU.Build.0 = Debug|Any CPU
		{7B3EE5A0-F1B2-4A80-85AF-EC88B65960C4}.Release|Any CPU.ActiveCfg = Release|Any CPU
		{7B3EE5A0-F1B2-4A80-85AF-EC88B65960C4}.Release|Any CPU.Build.0 = Release|Any CPU
	EndGlobalSection
	GlobalSection(SolutionProperties) = preSolution
		HideSolutionNode = FALSE
	EndGlobalSection
	GlobalSection(ExtensibilityGlobals) = postSolution
		SolutionGuid = {07825534-5F77-4923-B75A-669073C1C7DB}
	EndGlobalSection
EndGlobal
