
Microsoft Visual Studio Solution File, Format Version 12.00
# Visual Studio Version 16
VisualStudioVersion = 16.0.30503.244
MinimumVisualStudioVersion = 10.0.40219.1
Project("{FAE04EC0-301F-11D3-BF4B-00C04F79EFBC}") = "GroupingAndFiltering", "GroupingAndFiltering\GroupingAndFiltering.csproj", "{9F368806-CE06-4895-BCB9-1707F60A2BEE}"
EndProject
Project("{FAE04EC0-301F-11D3-BF4B-00C04F79EFBC}") = "DataGridBasic", "DataGridBasic\DataGridBasic.csproj", "{39B03CF3-5C6D-4400-BCBB-E9A53E2FE1A3}"
EndProject
Global
	GlobalSection(SolutionConfigurationPlatforms) = preSolution
		Debug|Any CPU = Debug|Any CPU
		Release|Any CPU = Release|Any CPU
	EndGlobalSection
	GlobalSection(ProjectConfigurationPlatforms) = postSolution
		{9F368806-CE06-4895-BCB9-1707F60A2BEE}.Debug|Any CPU.ActiveCfg = Debug|Any CPU
		{9F368806-CE06-4895-BCB9-1707F60A2BEE}.Debug|Any CPU.Build.0 = Debug|Any CPU
		{9F368806-CE06-4895-BCB9-1707F60A2BEE}.Release|Any CPU.ActiveCfg = Release|Any CPU
		{9F368806-CE06-4895-BCB9-1707F60A2BEE}.Release|Any CPU.Build.0 = Release|Any CPU
		{39B03CF3-5C6D-4400-BCBB-E9A53E2FE1A3}.Debug|Any CPU.ActiveCfg = Debug|Any CPU
		{39B03CF3-5C6D-4400-BCBB-E9A53E2FE1A3}.Debug|Any CPU.Build.0 = Debug|Any CPU
		{39B03CF3-5C6D-4400-BCBB-E9A53E2FE1A3}.Release|Any CPU.ActiveCfg = Release|Any CPU
		{39B03CF3-5C6D-4400-BCBB-E9A53E2FE1A3}.Release|Any CPU.Build.0 = Release|Any CPU
	EndGlobalSection
	GlobalSection(SolutionProperties) = preSolution
		HideSolutionNode = FALSE
	EndGlobalSection
	GlobalSection(ExtensibilityGlobals) = postSolution
		SolutionGuid = {844DC700-6064-4166-BFA1-532209599FCA}
	EndGlobalSection
EndGlobal
